// !$*UTF8*$!
{
	archiveVersion = 1;
	classes = {
	};
	objectVersion = 50;
	objects = {

/* Begin PBXBuildFile section */
		BE3248AF230E8737009331E0 /* AppDelegate.swift in Sources */ = {isa = PBXBuildFile; fileRef = BE3248AE230E8737009331E0 /* AppDelegate.swift */; };
		BE3248B1230E8737009331E0 /* ViewController.swift in Sources */ = {isa = PBXBuildFile; fileRef = BE3248B0230E8737009331E0 /* ViewController.swift */; };
		BE3248B4230E8737009331E0 /* Main.storyboard in Resources */ = {isa = PBXBuildFile; fileRef = BE3248B2230E8737009331E0 /* Main.storyboard */; };
		BE3248B6230E8737009331E0 /* Assets.xcassets in Resources */ = {isa = PBXBuildFile; fileRef = BE3248B5230E8737009331E0 /* Assets.xcassets */; };
		BE3248B9230E8737009331E0 /* LaunchScreen.storyboard in Resources */ = {isa = PBXBuildFile; fileRef = BE3248B7230E8737009331E0 /* LaunchScreen.storyboard */; };
		BE3248C1230E8805009331E0 /* DrawView.swift in Sources */ = {isa = PBXBuildFile; fileRef = BE3248C0230E8804009331E0 /* DrawView.swift */; };
		BE3248C3230E888E009331E0 /* Line.swift in Sources */ = {isa = PBXBuildFile; fileRef = BE3248C2230E888E009331E0 /* Line.swift */; };
/* End PBXBuildFile section */

/* Begin PBXFileReference section */
		BE3248AB230E8737009331E0 /* drawing-PoC-1.app */ = {isa = PBXFileReference; explicitFileType = wrapper.application; includeInIndex = 0; path = "drawing-PoC-1.app"; sourceTree = BUILT_PRODUCTS_DIR; };
		BE3248AE230E8737009331E0 /* AppDelegate.swift */ = {isa = PBXFileReference; lastKnownFileType = sourcecode.swift; path = AppDelegate.swift; sourceTree = "<group>"; };
		BE3248B0230E8737009331E0 /* ViewController.swift */ = {isa = PBXFileReference; lastKnownFileType = sourcecode.swift; path = ViewController.swift; sourceTree = "<group>"; };
		BE3248B3230E8737009331E0 /* Base */ = {isa = PBXFileReference; lastKnownFileType = file.storyboard; name = Base; path = Base.lproj/Main.storyboard; sourceTree = "<group>"; };
		BE3248B5230E8737009331E0 /* Assets.xcassets */ = {isa = PBXFileReference; lastKnownFileType = folder.assetcatalog; path = Assets.xcassets; sourceTree = "<group>"; };
		BE3248B8230E8737009331E0 /* Base */ = {isa = PBXFileReference; lastKnownFileType = file.storyboard; name = Base; path = Base.lproj/LaunchScreen.storyboard; sourceTree = "<group>"; };
		BE3248BA230E8737009331E0 /* Info.plist */ = {isa = PBXFileReference; lastKnownFileType = text.plist.xml; path = Info.plist; sourceTree = "<group>"; };
		BE3248C0230E8804009331E0 /* DrawView.swift */ = {isa = PBXFileReference; lastKnownFileType = sourcecode.swift; path = DrawView.swift; sourceTree = "<group>"; };
		BE3248C2230E888E009331E0 /* Line.swift */ = {isa = PBXFileReference; lastKnownFileType = sourcecode.swift; path = Line.swift; sourceTree = "<group>"; };
/* End PBXFileReference section */

/* Begin PBXFrameworksBuildPhase section */
		BE3248A8230E8737009331E0 /* Frameworks */ = {
			isa = PBXFrameworksBuildPhase;
			buildActionMask = 2147483647;
			files = (
			);
			runOnlyForDeploymentPostprocessing = 0;
		};
/* End PBXFrameworksBuildPhase section */

/* Begin PBXGroup section */
		BE3248A2230E8737009331E0 = {
			isa = PBXGroup;
			children = (
				BE3248AD230E8737009331E0 /* drawing-PoC-1 */,
				BE3248AC230E8737009331E0 /* Products */,
			);
			sourceTree = "<group>";
		};
		BE3248AC230E8737009331E0 /* Products */ = {
			isa = PBXGroup;
			children = (
				BE3248AB230E8737009331E0 /* drawing-PoC-1.app */,
			);
			name = Products;
			sourceTree = "<group>";
		};
		BE3248AD230E8737009331E0 /* drawing-PoC-1 */ = {
			isa = PBXGroup;
			children = (
				BE3248AE230E8737009331E0 /* AppDelegate.swift */,
				BE3248B0230E8737009331E0 /* ViewController.swift */,
				BE3248C0230E8804009331E0 /* DrawView.swift */,
				BE3248C2230E888E009331E0 /* Line.swift */,
				BE3248B2230E8737009331E0 /* Main.storyboard */,
				BE3248B5230E8737009331E0 /* Assets.xcassets */,
				BE3248B7230E8737009331E0 /* LaunchScreen.storyboard */,
				BE3248BA230E8737009331E0 /* Info.plist */,
			);
			path = "drawing-PoC-1";
			sourceTree = "<group>";
		};
/* End PBXGroup section */

/* Begin PBXNativeTarget section */
		BE3248AA230E8737009331E0 /* drawing-PoC-1 */ = {
			isa = PBXNativeTarget;
			buildConfigurationList = BE3248BD230E8737009331E0 /* Build configuration list for PBXNativeTarget "drawing-PoC-1" */;
			buildPhases = (
				BE3248A7230E8737009331E0 /* Sources */,
				BE3248A8230E8737009331E0 /* Frameworks */,
				BE3248A9230E8737009331E0 /* Resources */,
			);
			buildRules = (
			);
			dependencies = (
			);
			name = "drawing-PoC-1";
			productName = "drawing-PoC-1";
			productReference = BE3248AB230E8737009331E0 /* drawing-PoC-1.app */;
			productType = "com.apple.product-type.application";
		};
/* End PBXNativeTarget section */

/* Begin PBXProject section */
		BE3248A3230E8737009331E0 /* Project object */ = {
			isa = PBXProject;
			attributes = {
				LastSwiftUpdateCheck = 1030;
				LastUpgradeCheck = 1030;
				ORGANIZATIONNAME = Will;
				TargetAttributes = {
					BE3248AA230E8737009331E0 = {
						CreatedOnToolsVersion = 10.3;
					};
				};
			};
			buildConfigurationList = BE3248A6230E8737009331E0 /* Build configuration list for PBXProject "drawing-PoC-1" */;
			compatibilityVersion = "Xcode 9.3";
			developmentRegion = en;
			hasScannedForEncodings = 0;
			knownRegions = (
				en,
				Base,
			);
			mainGroup = BE3248A2230E8737009331E0;
			productRefGroup = BE3248AC230E8737009331E0 /* Products */;
			projectDirPath = "";
			projectRoot = "";
			targets = (
				BE3248AA230E8737009331E0 /* drawing-PoC-1 */,
			);
		};
/* End PBXProject section */

/* Begin PBXResourcesBuildPhase section */
		BE3248A9230E8737009331E0 /* Resources */ = {
			isa = PBXResourcesBuildPhase;
			buildActionMask = 2147483647;
			files = (
				BE3248B9230E8737009331E0 /* LaunchScreen.storyboard in Resources */,
				BE3248B6230E8737009331E0 /* Assets.xcassets in Resources */,
				BE3248B4230E8737009331E0 /* Main.storyboard in Resources */,
			);
			runOnlyForDeploymentPostprocessing = 0;
		};
/* End PBXResourcesBuildPhase section */

/* Begin PBXSourcesBuildPhase section */
		BE3248A7230E8737009331E0 /* Sources */ = {
			isa = PBXSourcesBuildPhase;
			buildActionMask = 2147483647;
			files = (
				BE3248B1230E8737009331E0 /* ViewController.swift in Sources */,
				BE3248C3230E888E009331E0 /* Line.swift in Sources */,
				BE3248AF230E8737009331E0 /* AppDelegate.swift in Sources */,
				BE3248C1230E8805009331E0 /* DrawView.swift in Sources */,
			);
			runOnlyForDeploymentPostprocessing = 0;
		};
/* End PBXSourcesBuildPhase section */

/* Begin PBXVariantGroup section */
		BE3248B2230E8737009331E0 /* Main.storyboard */ = {
			isa = PBXVariantGroup;
			children = (
				BE3248B3230E8737009331E0 /* Base */,
			);
			name = Main.storyboard;
			sourceTree = "<group>";
		};
		BE3248B7230E8737009331E0 /* LaunchScreen.storyboard */ = {
			isa = PBXVariantGroup;
			children = (
				BE3248B8230E8737009331E0 /* Base */,
			);
			name = LaunchScreen.storyboard;
			sourceTree = "<group>";
		};
/* End PBXVariantGroup section */

/* Begin XCBuildConfiguration section */
		BE3248BB230E8737009331E0 /* Debug */ = {
			isa = XCBuildConfiguration;
			buildSettings = {
				ALWAYS_SEARCH_USER_PATHS = NO;
				CLANG_ANALYZER_NONNULL = YES;
				CLANG_ANALYZER_NUMBER_OBJECT_CONVERSION = YES_AGGRESSIVE;
				CLANG_CXX_LANGUAGE_STANDARD = "gnu++14";
				CLANG_CXX_LIBRARY = "libc++";
				CLANG_ENABLE_MODULES = YES;
				CLANG_ENABLE_OBJC_ARC = YES;
				CLANG_ENABLE_OBJC_WEAK = YES;
				CLANG_WARN_BLOCK_CAPTURE_AUTORELEASING = YES;
				CLANG_WARN_BOOL_CONVERSION = YES;
				CLANG_WARN_COMMA = YES;
				CLANG_WARN_CONSTANT_CONVERSION = YES;
				CLANG_WARN_DEPRECATED_OBJC_IMPLEMENTATIONS = YES;
				CLANG_WARN_DIRECT_OBJC_ISA_USAGE = YES_ERROR;
				CLANG_WARN_DOCUMENTATION_COMMENTS = YES;
				CLANG_WARN_EMPTY_BODY = YES;
				CLANG_WARN_ENUM_CONVERSION = YES;
				CLANG_WARN_INFINITE_RECURSION = YES;
				CLANG_WARN_INT_CONVERSION = YES;
				CLANG_WARN_NON_LITERAL_NULL_CONVERSION = YES;
				CLANG_WARN_OBJC_IMPLICIT_RETAIN_SELF = YES;
				CLANG_WARN_OBJC_LITERAL_CONVERSION = YES;
				CLANG_WARN_OBJC_ROOT_CLASS = YES_ERROR;
				CLANG_WARN_RANGE_LOOP_ANALYSIS = YES;
				CLANG_WARN_STRICT_PROTOTYPES = YES;
				CLANG_WARN_SUSPICIOUS_MOVE = YES;
				CLANG_WARN_UNGUARDED_AVAILABILITY = YES_AGGRESSIVE;
				CLANG_WARN_UNREACHABLE_CODE = YES;
				CLANG_WARN__DUPLICATE_METHOD_MATCH = YES;
				CODE_SIGN_IDENTITY = "iPhone Developer";
				COPY_PHASE_STRIP = NO;
				DEBUG_INFORMATION_FORMAT = dwarf;
				ENABLE_STRICT_OBJC_MSGSEND = YES;
				ENABLE_TESTABILITY = YES;
				GCC_C_LANGUAGE_STANDARD = gnu11;
				GCC_DYNAMIC_NO_PIC = NO;
				GCC_NO_COMMON_BLOCKS = YES;
				GCC_OPTIMIZATION_LEVEL = 0;
				GCC_PREPROCESSOR_DEFINITIONS = (
					"DEBUG=1",
					"$(inherited)",
				);
				GCC_WARN_64_TO_32_BIT_CONVERSION = YES;
				GCC_WARN_ABOUT_RETURN_TYPE = YES_ERROR;
				GCC_WARN_UNDECLARED_SELECTOR = YES;
				GCC_WARN_UNINITIALIZED_AUTOS = YES_AGGRESSIVE;
				GCC_WARN_UNUSED_FUNCTION = YES;
				GCC_WARN_UNUSED_VARIABLE = YES;
				IPHONEOS_DEPLOYMENT_TARGET = 12.4;
				MTL_ENABLE_DEBUG_INFO = INCLUDE_SOURCE;
				MTL_FAST_MATH = YES;
				ONLY_ACTIVE_ARCH = YES;
				SDKROOT = iphoneos;
				SWIFT_ACTIVE_COMPILATION_CONDITIONS = DEBUG;
				SWIFT_OPTIMIZATION_LEVEL = "-Onone";
			};
			name = Debug;
		};
		BE3248BC230E8737009331E0 /* Release */ = {
			isa = XCBuildConfiguration;
			buildSettings = {
				ALWAYS_SEARCH_USER_PATHS = NO;
				CLANG_ANALYZER_NONNULL = YES;
				CLANG_ANALYZER_NUMBER_OBJECT_CONVERSION = YES_AGGRESSIVE;
				CLANG_CXX_LANGUAGE_STANDARD = "gnu++14";
				CLANG_CXX_LIBRARY = "libc++";
				CLANG_ENABLE_MODULES = YES;
				CLANG_ENABLE_OBJC_ARC = YES;
				CLANG_ENABLE_OBJC_WEAK = YES;
				CLANG_WARN_BLOCK_CAPTURE_AUTORELEASING = YES;
				CLANG_WARN_BOOL_CONVERSION = YES;
				CLANG_WARN_COMMA = YES;
				CLANG_WARN_CONSTANT_CONVERSION = YES;
				CLANG_WARN_DEPRECATED_OBJC_IMPLEMENTATIONS = YES;
				CLANG_WARN_DIRECT_OBJC_ISA_USAGE = YES_ERROR;
				CLANG_WARN_DOCUMENTATION_COMMENTS = YES;
				CLANG_WARN_EMPTY_BODY = YES;
				CLANG_WARN_ENUM_CONVERSION = YES;
				CLANG_WARN_INFINITE_RECURSION = YES;
				CLANG_WARN_INT_CONVERSION = YES;
				CLANG_WARN_NON_LITERAL_NULL_CONVERSION = YES;
				CLANG_WARN_OBJC_IMPLICIT_RETAIN_SELF = YES;
				CLANG_WARN_OBJC_LITERAL_CONVERSION = YES;
				CLANG_WARN_OBJC_ROOT_CLASS = YES_ERROR;
				CLANG_WARN_RANGE_LOOP_ANALYSIS = YES;
				CLANG_WARN_STRICT_PROTOTYPES = YES;
				CLANG_WARN_SUSPICIOUS_MOVE = YES;
				CLANG_WARN_UNGUARDED_AVAILABILITY = YES_AGGRESSIVE;
				CLANG_WARN_UNREACHABLE_CODE = YES;
				CLANG_WARN__DUPLICATE_METHOD_MATCH = YES;
				CODE_SIGN_IDENTITY = "iPhone Developer";
				COPY_PHASE_STRIP = NO;
				DEBUG_INFORMATION_FORMAT = "dwarf-with-dsym";
				ENABLE_NS_ASSERTIONS = NO;
				ENABLE_STRICT_OBJC_MSGSEND = YES;
				GCC_C_LANGUAGE_STANDARD = gnu11;
				GCC_NO_COMMON_BLOCKS = YES;
				GCC_WARN_64_TO_32_BIT_CONVERSION = YES;
				GCC_WARN_ABOUT_RETURN_TYPE = YES_ERROR;
				GCC_WARN_UNDECLARED_SELECTOR = YES;
				GCC_WARN_UNINITIALIZED_AUTOS = YES_AGGRESSIVE;
				GCC_WARN_UNUSED_FUNCTION = YES;
				GCC_WARN_UNUSED_VARIABLE = YES;
				IPHONEOS_DEPLOYMENT_TARGET = 12.4;
				MTL_ENABLE_DEBUG_INFO = NO;
				MTL_FAST_MATH = YES;
				SDKROOT = iphoneos;
				SWIFT_COMPILATION_MODE = wholemodule;
				SWIFT_OPTIMIZATION_LEVEL = "-O";
				VALIDATE_PRODUCT = YES;
			};
			name = Release;
		};
		BE3248BE230E8737009331E0 /* Debug */ = {
			isa = XCBuildConfiguration;
			buildSettings = {
				ASSETCATALOG_COMPILER_APPICON_NAME = AppIcon;
				CODE_SIGN_STYLE = Automatic;
				INFOPLIST_FILE = "drawing-PoC-1/Info.plist";
				LD_RUNPATH_SEARCH_PATHS = (
					"$(inherited)",
					"@executable_path/Frameworks",
				);
				PRODUCT_BUNDLE_IDENTIFIER = "com.will1212.drawing-PoC-1";
				PRODUCT_NAME = "$(TARGET_NAME)";
				SWIFT_VERSION = 5.0;
				TARGETED_DEVICE_FAMILY = "1,2";
			};
			name = Debug;
		};
		BE3248BF230E8737009331E0 /* Release */ = {
			isa = XCBuildConfiguration;
			buildSettings = {
				ASSETCATALOG_COMPILER_APPICON_NAME = AppIcon;
				CODE_SIGN_STYLE = Automatic;
				INFOPLIST_FILE = "drawing-PoC-1/Info.plist";
				LD_RUNPATH_SEARCH_PATHS = (
					"$(inherited)",
					"@executable_path/Frameworks",
				);
				PRODUCT_BUNDLE_IDENTIFIER = "com.will1212.drawing-PoC-1";
				PRODUCT_NAME = "$(TARGET_NAME)";
				SWIFT_VERSION = 5.0;
				TARGETED_DEVICE_FAMILY = "1,2";
			};
			name = Release;
		};
/* End XCBuildConfiguration section */

/* Begin XCConfigurationList section */
		BE3248A6230E8737009331E0 /* Build configuration list for PBXProject "drawing-PoC-1" */ = {
			isa = XCConfigurationList;
			buildConfigurations = (
				BE3248BB230E8737009331E0 /* Debug */,
				BE3248BC230E8737009331E0 /* Release */,
			);
			defaultConfigurationIsVisible = 0;
			defaultConfigurationName = Release;
		};
		BE3248BD230E8737009331E0 /* Build configuration list for PBXNativeTarget "drawing-PoC-1" */ = {
			isa = XCConfigurationList;
			buildConfigurations = (
				BE3248BE230E8737009331E0 /* Debug */,
				BE3248BF230E8737009331E0 /* Release */,
			);
			defaultConfigurationIsVisible = 0;
			defaultConfigurationName = Release;
		};
/* End XCConfigurationList section */
	};
	rootObject = BE3248A3230E8737009331E0 /* Project object */;
}
